
Microsoft Visual Studio Solution File, Format Version 12.00
# Visual Studio 15
VisualStudioVersion = 15.0.26124.0
MinimumVisualStudioVersion = 15.0.26124.0
Project("{FAE04EC0-301F-11D3-BF4B-00C04F79EFBC}") = "Des", "Des\Des.csproj", "{42FC1C31-BFC4-4E50-88DA-C9D3FC9500D5}"
EndProject
Project("{FAE04EC0-301F-11D3-BF4B-00C04F79EFBC}") = "Tests", "Tests\Tests.csproj", "{A9A8E2CE-74B2-4E44-A643-2187C63E182D}"
EndProject
Project("{FAE04EC0-301F-11D3-BF4B-00C04F79EFBC}") = "Gost", "Gost\Gost.csproj", "{9A2F34E9-DB9A-40FA-BC83-023A634DD589}"
EndProject
Global
	GlobalSection(SolutionConfigurationPlatforms) = preSolution
		Debug|Any CPU = Debug|Any CPU
		Debug|x64 = Debug|x64
		Debug|x86 = Debug|x86
		Release|Any CPU = Release|Any CPU
		Release|x64 = Release|x64
		Release|x86 = Release|x86
	EndGlobalSection
	GlobalSection(SolutionProperties) = preSolution
		HideSolutionNode = FALSE
	EndGlobalSection
	GlobalSection(ProjectConfigurationPlatforms) = postSolution
		{C782111C-F369-4A94-868C-D33C67AE67C5}.Debug|Any CPU.ActiveCfg = Debug|Any CPU
		{C782111C-F369-4A94-868C-D33C67AE67C5}.Debug|Any CPU.Build.0 = Debug|Any CPU
		{C782111C-F369-4A94-868C-D33C67AE67C5}.Debug|x64.ActiveCfg = Debug|Any CPU
		{C782111C-F369-4A94-868C-D33C67AE67C5}.Debug|x64.Build.0 = Debug|Any CPU
		{C782111C-F369-4A94-868C-D33C67AE67C5}.Debug|x86.ActiveCfg = Debug|Any CPU
		{C782111C-F369-4A94-868C-D33C67AE67C5}.Debug|x86.Build.0 = Debug|Any CPU
		{C782111C-F369-4A94-868C-D33C67AE67C5}.Release|Any CPU.ActiveCfg = Release|Any CPU
		{C782111C-F369-4A94-868C-D33C67AE67C5}.Release|Any CPU.Build.0 = Release|Any CPU
		{C782111C-F369-4A94-868C-D33C67AE67C5}.Release|x64.ActiveCfg = Release|Any CPU
		{C782111C-F369-4A94-868C-D33C67AE67C5}.Release|x64.Build.0 = Release|Any CPU
		{C782111C-F369-4A94-868C-D33C67AE67C5}.Release|x86.ActiveCfg = Release|Any CPU
		{C782111C-F369-4A94-868C-D33C67AE67C5}.Release|x86.Build.0 = Release|Any CPU
		{42FC1C31-BFC4-4E50-88DA-C9D3FC9500D5}.Debug|Any CPU.ActiveCfg = Debug|Any CPU
		{42FC1C31-BFC4-4E50-88DA-C9D3FC9500D5}.Debug|Any CPU.Build.0 = Debug|Any CPU
		{42FC1C31-BFC4-4E50-88DA-C9D3FC9500D5}.Debug|x64.ActiveCfg = Debug|Any CPU
		{42FC1C31-BFC4-4E50-88DA-C9D3FC9500D5}.Debug|x64.Build.0 = Debug|Any CPU
		{42FC1C31-BFC4-4E50-88DA-C9D3FC9500D5}.Debug|x86.ActiveCfg = Debug|Any CPU
		{42FC1C31-BFC4-4E50-88DA-C9D3FC9500D5}.Debug|x86.Build.0 = Debug|Any CPU
		{42FC1C31-BFC4-4E50-88DA-C9D3FC9500D5}.Release|Any CPU.ActiveCfg = Release|Any CPU
		{42FC1C31-BFC4-4E50-88DA-C9D3FC9500D5}.Release|Any CPU.Build.0 = Release|Any CPU
		{42FC1C31-BFC4-4E50-88DA-C9D3FC9500D5}.Release|x64.ActiveCfg = Release|Any CPU
		{42FC1C31-BFC4-4E50-88DA-C9D3FC9500D5}.Release|x64.Build.0 = Release|Any CPU
		{42FC1C31-BFC4-4E50-88DA-C9D3FC9500D5}.Release|x86.ActiveCfg = Release|Any CPU
		{42FC1C31-BFC4-4E50-88DA-C9D3FC9500D5}.Release|x86.Build.0 = Release|Any CPU
		{A9A8E2CE-74B2-4E44-A643-2187C63E182D}.Debug|Any CPU.ActiveCfg = Debug|Any CPU
		{A9A8E2CE-74B2-4E44-A643-2187C63E182D}.Debug|Any CPU.Build.0 = Debug|Any CPU
		{A9A8E2CE-74B2-4E44-A643-2187C63E182D}.Debug|x64.ActiveCfg = Debug|Any CPU
		{A9A8E2CE-74B2-4E44-A643-2187C63E182D}.Debug|x64.Build.0 = Debug|Any CPU
		{A9A8E2CE-74B2-4E44-A643-2187C63E182D}.Debug|x86.ActiveCfg = Debug|Any CPU
		{A9A8E2CE-74B2-4E44-A643-2187C63E182D}.Debug|x86.Build.0 = Debug|Any CPU
		{A9A8E2CE-74B2-4E44-A643-2187C63E182D}.Release|Any CPU.ActiveCfg = Release|Any CPU
		{A9A8E2CE-74B2-4E44-A643-2187C63E182D}.Release|Any CPU.Build.0 = Release|Any CPU
		{A9A8E2CE-74B2-4E44-A643-2187C63E182D}.Release|x64.ActiveCfg = Release|Any CPU
		{A9A8E2CE-74B2-4E44-A643-2187C63E182D}.Release|x64.Build.0 = Release|Any CPU
		{A9A8E2CE-74B2-4E44-A643-2187C63E182D}.Release|x86.ActiveCfg = Release|Any CPU
		{A9A8E2CE-74B2-4E44-A643-2187C63E182D}.Release|x86.Build.0 = Release|Any CPU
		{9A2F34E9-DB9A-40FA-BC83-023A634DD589}.Debug|Any CPU.ActiveCfg = Debug|Any CPU
		{9A2F34E9-DB9A-40FA-BC83-023A634DD589}.Debug|Any CPU.Build.0 = Debug|Any CPU
		{9A2F34E9-DB9A-40FA-BC83-023A634DD589}.Debug|x64.ActiveCfg = Debug|Any CPU
		{9A2F34E9-DB9A-40FA-BC83-023A634DD589}.Debug|x64.Build.0 = Debug|Any CPU
		{9A2F34E9-DB9A-40FA-BC83-023A634DD589}.Debug|x86.ActiveCfg = Debug|Any CPU
		{9A2F34E9-DB9A-40FA-BC83-023A634DD589}.Debug|x86.Build.0 = Debug|Any CPU
		{9A2F34E9-DB9A-40FA-BC83-023A634DD589}.Release|Any CPU.ActiveCfg = Release|Any CPU
		{9A2F34E9-DB9A-40FA-BC83-023A634DD589}.Release|Any CPU.Build.0 = Release|Any CPU
		{9A2F34E9-DB9A-40FA-BC83-023A634DD589}.Release|x64.ActiveCfg = Release|Any CPU
		{9A2F34E9-DB9A-40FA-BC83-023A634DD589}.Release|x64.Build.0 = Release|Any CPU
		{9A2F34E9-DB9A-40FA-BC83-023A634DD589}.Release|x86.ActiveCfg = Release|Any CPU
		{9A2F34E9-DB9A-40FA-BC83-023A634DD589}.Release|x86.Build.0 = Release|Any CPU
	EndGlobalSection
EndGlobal
